
Microsoft Visual Studio Solution File, Format Version 12.00
# Visual Studio 15
Project("{FAE04EC0-301F-11D3-BF4B-00C04F79EFBC}") = "Assembly-CSharp", "Assembly-CSharp.csproj", "{AD210592-17CA-999E-F759-6218EC97DCAC}"
EndProject
Global
	GlobalSection(SolutionConfigurationPlatforms) = preSolution
		Debug|Any CPU = Debug|Any CPU
		Release|Any CPU = Release|Any CPU
	EndGlobalSection
	GlobalSection(ProjectConfigurationPlatforms) = postSolution
		{AD210592-17CA-999E-F759-6218EC97DCAC}.Debug|Any CPU.ActiveCfg = Debug|Any CPU
		{AD210592-17CA-999E-F759-6218EC97DCAC}.Debug|Any CPU.Build.0 = Debug|Any CPU
		{AD210592-17CA-999E-F759-6218EC97DCAC}.Release|Any CPU.ActiveCfg = Release|Any CPU
		{AD210592-17CA-999E-F759-6218EC97DCAC}.Release|Any CPU.Build.0 = Release|Any CPU
	EndGlobalSection
	GlobalSection(SolutionProperties) = preSolution
		HideSolutionNode = FALSE
	EndGlobalSection
EndGlobal
